
Microsoft Visual Studio Solution File, Format Version 12.00
# Visual Studio Version 17
VisualStudioVersion = 17.0.31903.59
MinimumVisualStudioVersion = 10.0.40219.1
Project("{FAE04EC0-301F-11D3-BF4B-00C04F79EFBC}") = "AfriStyle.Domain", "AfriStyle.Domain\AfriStyle.Domain.csproj", "{127AA09A-F3A5-48D1-B4A1-59BA251835A3}"
EndProject
Project("{FAE04EC0-301F-11D3-BF4B-00C04F79EFBC}") = "AfriStyle.Application", "AfriStyle.Application\AfriStyle.Application.csproj", "{F81733DD-406A-4AFB-9FA1-C348F41CF151}"
EndProject
Project("{FAE04EC0-301F-11D3-BF4B-00C04F79EFBC}") = "AfriStyle.Infrastructure", "AfriStyle.Infrastructure\AfriStyle.Infrastructure.csproj", "{7087BAC0-B412-4DD8-84DE-A56D78870994}"
EndProject
Project("{FAE04EC0-301F-11D3-BF4B-00C04F79EFBC}") = "AfriStyle.API", "AfriStyle.API\AfriStyle.API.csproj", "{36E66478-52B0-4197-8869-8AF5CC500126}"
EndProject
Project("{FAE04EC0-301F-11D3-BF4B-00C04F79EFBC}") = "AfriStyle.Tests", "AfriStyle.Tests\AfriStyle.Tests.csproj", "{26E55471-9071-44AD-B48C-D4ADE27EBF99}"
EndProject
Global
	GlobalSection(SolutionConfigurationPlatforms) = preSolution
		Debug|Any CPU = Debug|Any CPU
		Release|Any CPU = Release|Any CPU
	EndGlobalSection
	GlobalSection(SolutionProperties) = preSolution
		HideSolutionNode = FALSE
	EndGlobalSection
	GlobalSection(ProjectConfigurationPlatforms) = postSolution
		{127AA09A-F3A5-48D1-B4A1-59BA251835A3}.Debug|Any CPU.ActiveCfg = Debug|Any CPU
		{127AA09A-F3A5-48D1-B4A1-59BA251835A3}.Debug|Any CPU.Build.0 = Debug|Any CPU
		{127AA09A-F3A5-48D1-B4A1-59BA251835A3}.Release|Any CPU.ActiveCfg = Release|Any CPU
		{127AA09A-F3A5-48D1-B4A1-59BA251835A3}.Release|Any CPU.Build.0 = Release|Any CPU
		{F81733DD-406A-4AFB-9FA1-C348F41CF151}.Debug|Any CPU.ActiveCfg = Debug|Any CPU
		{F81733DD-406A-4AFB-9FA1-C348F41CF151}.Debug|Any CPU.Build.0 = Debug|Any CPU
		{F81733DD-406A-4AFB-9FA1-C348F41CF151}.Release|Any CPU.ActiveCfg = Release|Any CPU
		{F81733DD-406A-4AFB-9FA1-C348F41CF151}.Release|Any CPU.Build.0 = Release|Any CPU
		{7087BAC0-B412-4DD8-84DE-A56D78870994}.Debug|Any CPU.ActiveCfg = Debug|Any CPU
		{7087BAC0-B412-4DD8-84DE-A56D78870994}.Debug|Any CPU.Build.0 = Debug|Any CPU
		{7087BAC0-B412-4DD8-84DE-A56D78870994}.Release|Any CPU.ActiveCfg = Release|Any CPU
		{7087BAC0-B412-4DD8-84DE-A56D78870994}.Release|Any CPU.Build.0 = Release|Any CPU
		{36E66478-52B0-4197-8869-8AF5CC500126}.Debug|Any CPU.ActiveCfg = Debug|Any CPU
		{36E66478-52B0-4197-8869-8AF5CC500126}.Debug|Any CPU.Build.0 = Debug|Any CPU
		{36E66478-52B0-4197-8869-8AF5CC500126}.Release|Any CPU.ActiveCfg = Release|Any CPU
		{36E66478-52B0-4197-8869-8AF5CC500126}.Release|Any CPU.Build.0 = Release|Any CPU
		{26E55471-9071-44AD-B48C-D4ADE27EBF99}.Debug|Any CPU.ActiveCfg = Debug|Any CPU
		{26E55471-9071-44AD-B48C-D4ADE27EBF99}.Debug|Any CPU.Build.0 = Debug|Any CPU
		{26E55471-9071-44AD-B48C-D4ADE27EBF99}.Release|Any CPU.ActiveCfg = Release|Any CPU
		{26E55471-9071-44AD-B48C-D4ADE27EBF99}.Release|Any CPU.Build.0 = Release|Any CPU
	EndGlobalSection
EndGlobal
